PODS:
  - MediaPipeTasksCommon (0.10.33)
  - MediaPipeTasksVision (0.10.33):
    - MediaPipeTasksCommon (= 0.10.33)

DEPENDENCIES:
  - MediaPipeTasksVision

SPEC REPOS:
  trunk:
    - MediaPipeTasksCommon
    - MediaPipeTasksVision

SPEC CHECKSUMS:
  MediaPipeTasksCommon: 912f7942cc3aa057bb406af435aaea4c1959255a
  MediaPipeTasksVision: 2df54e614f029da790f442c8b330a37c841a422f

PODFILE CHECKSUM: 6d2e5a21635bdaa552555a0a3ce8af3d715cdfd5

COCOAPODS: 1.16.2
